
Microsoft Visual Studio Solution File, Format Version 11.00
# Visual Studio 2010
Project("{FAE04EC0-301F-11D3-BF4B-00C04F79EFBC}") = "TaskOne", "TaskOne\TaskOne.csproj", "{3135C724-D9CF-4E92-AAA2-39C0A5CA2240}"
EndProject
Project("{FAE04EC0-301F-11D3-BF4B-00C04F79EFBC}") = "TaskTwo", "TaskTwo\TaskTwo.csproj", "{CFAED7B7-02A5-4AD3-B550-7434A52E69F3}"
EndProject
Project("{FAE04EC0-301F-11D3-BF4B-00C04F79EFBC}") = "TaskThree", "TaskThree\TaskThree.csproj", "{A10AE02C-9A85-4CE2-9B84-185F48161538}"
EndProject
Global
	GlobalSection(SolutionConfigurationPlatforms) = preSolution
		Debug|Any CPU = Debug|Any CPU
		Release|Any CPU = Release|Any CPU
	EndGlobalSection
	GlobalSection(ProjectConfigurationPlatforms) = postSolution
		{3135C724-D9CF-4E92-AAA2-39C0A5CA2240}.Debug|Any CPU.ActiveCfg = Debug|Any CPU
		{3135C724-D9CF-4E92-AAA2-39C0A5CA2240}.Debug|Any CPU.Build.0 = Debug|Any CPU
		{3135C724-D9CF-4E92-AAA2-39C0A5CA2240}.Release|Any CPU.ActiveCfg = Release|Any CPU
		{3135C724-D9CF-4E92-AAA2-39C0A5CA2240}.Release|Any CPU.Build.0 = Release|Any CPU
		{CFAED7B7-02A5-4AD3-B550-7434A52E69F3}.Debug|Any CPU.ActiveCfg = Debug|Any CPU
		{CFAED7B7-02A5-4AD3-B550-7434A52E69F3}.Debug|Any CPU.Build.0 = Debug|Any CPU
		{CFAED7B7-02A5-4AD3-B550-7434A52E69F3}.Release|Any CPU.ActiveCfg = Release|Any CPU
		{CFAED7B7-02A5-4AD3-B550-7434A52E69F3}.Release|Any CPU.Build.0 = Release|Any CPU
		{A10AE02C-9A85-4CE2-9B84-185F48161538}.Debug|Any CPU.ActiveCfg = Debug|Any CPU
		{A10AE02C-9A85-4CE2-9B84-185F48161538}.Debug|Any CPU.Build.0 = Debug|Any CPU
		{A10AE02C-9A85-4CE2-9B84-185F48161538}.Release|Any CPU.ActiveCfg = Release|Any CPU
		{A10AE02C-9A85-4CE2-9B84-185F48161538}.Release|Any CPU.Build.0 = Release|Any CPU
	EndGlobalSection
	GlobalSection(SolutionProperties) = preSolution
		HideSolutionNode = FALSE
	EndGlobalSection
EndGlobal
