
Microsoft Visual Studio Solution File, Format Version 11.00
# Visual Studio 2010
Project("{FAE04EC0-301F-11D3-BF4B-00C04F79EFBC}") = "TaskOne", "TaskOne\TaskOne.csproj", "{445D12F4-F4F8-4DC8-B659-0022CE77AD31}"
EndProject
Project("{FAE04EC0-301F-11D3-BF4B-00C04F79EFBC}") = "TaskTwo", "TaskTwo\TaskTwo.csproj", "{D3695CB7-D20D-4587-B760-99AE97A48ECD}"
EndProject
Project("{FAE04EC0-301F-11D3-BF4B-00C04F79EFBC}") = "TaskThree", "TaskThree\TaskThree.csproj", "{349CE747-0428-4989-B082-13C24A92BE65}"
EndProject
Global
	GlobalSection(SolutionConfigurationPlatforms) = preSolution
		Debug|Any CPU = Debug|Any CPU
		Release|Any CPU = Release|Any CPU
	EndGlobalSection
	GlobalSection(ProjectConfigurationPlatforms) = postSolution
		{445D12F4-F4F8-4DC8-B659-0022CE77AD31}.Debug|Any CPU.ActiveCfg = Debug|Any CPU
		{445D12F4-F4F8-4DC8-B659-0022CE77AD31}.Debug|Any CPU.Build.0 = Debug|Any CPU
		{445D12F4-F4F8-4DC8-B659-0022CE77AD31}.Release|Any CPU.ActiveCfg = Release|Any CPU
		{445D12F4-F4F8-4DC8-B659-0022CE77AD31}.Release|Any CPU.Build.0 = Release|Any CPU
		{D3695CB7-D20D-4587-B760-99AE97A48ECD}.Debug|Any CPU.ActiveCfg = Debug|Any CPU
		{D3695CB7-D20D-4587-B760-99AE97A48ECD}.Debug|Any CPU.Build.0 = Debug|Any CPU
		{D3695CB7-D20D-4587-B760-99AE97A48ECD}.Release|Any CPU.ActiveCfg = Release|Any CPU
		{D3695CB7-D20D-4587-B760-99AE97A48ECD}.Release|Any CPU.Build.0 = Release|Any CPU
		{349CE747-0428-4989-B082-13C24A92BE65}.Debug|Any CPU.ActiveCfg = Debug|Any CPU
		{349CE747-0428-4989-B082-13C24A92BE65}.Debug|Any CPU.Build.0 = Debug|Any CPU
		{349CE747-0428-4989-B082-13C24A92BE65}.Release|Any CPU.ActiveCfg = Release|Any CPU
		{349CE747-0428-4989-B082-13C24A92BE65}.Release|Any CPU.Build.0 = Release|Any CPU
	EndGlobalSection
	GlobalSection(SolutionProperties) = preSolution
		HideSolutionNode = FALSE
	EndGlobalSection
EndGlobal
